
Microsoft Visual Studio Solution File, Format Version 12.00
# Visual Studio Version 16
VisualStudioVersion = 16.0.31702.278
MinimumVisualStudioVersion = 10.0.40219.1
Project("{FAE04EC0-301F-11D3-BF4B-00C04F79EFBC}") = "WindowsFormsApp", "WindowsFormsApp\WindowsFormsApp.csproj", "{1CD319E1-08A1-44A3-9BAF-FB0286165A58}"
EndProject
Project("{FAE04EC0-301F-11D3-BF4B-00C04F79EFBC}") = "DataEntity", "DataEntity\DataEntity.csproj", "{BA276684-EC34-40DE-8962-E1BD8F4B3CA2}"
EndProject
Global
	GlobalSection(SolutionConfigurationPlatforms) = preSolution
		Debug|Any CPU = Debug|Any CPU
		Release|Any CPU = Release|Any CPU
	EndGlobalSection
	GlobalSection(ProjectConfigurationPlatforms) = postSolution
		{1CD319E1-08A1-44A3-9BAF-FB0286165A58}.Debug|Any CPU.ActiveCfg = Debug|Any CPU
		{1CD319E1-08A1-44A3-9BAF-FB0286165A58}.Debug|Any CPU.Build.0 = Debug|Any CPU
		{1CD319E1-08A1-44A3-9BAF-FB0286165A58}.Release|Any CPU.ActiveCfg = Release|Any CPU
		{1CD319E1-08A1-44A3-9BAF-FB0286165A58}.Release|Any CPU.Build.0 = Release|Any CPU
		{BA276684-EC34-40DE-8962-E1BD8F4B3CA2}.Debug|Any CPU.ActiveCfg = Debug|Any CPU
		{BA276684-EC34-40DE-8962-E1BD8F4B3CA2}.Debug|Any CPU.Build.0 = Debug|Any CPU
		{BA276684-EC34-40DE-8962-E1BD8F4B3CA2}.Release|Any CPU.ActiveCfg = Release|Any CPU
		{BA276684-EC34-40DE-8962-E1BD8F4B3CA2}.Release|Any CPU.Build.0 = Release|Any CPU
	EndGlobalSection
	GlobalSection(SolutionProperties) = preSolution
		HideSolutionNode = FALSE
	EndGlobalSection
	GlobalSection(ExtensibilityGlobals) = postSolution
		SolutionGuid = {5D728E01-6515-4B54-A11B-6822AD216909}
	EndGlobalSection
EndGlobal
